
Microsoft Visual Studio Solution File, Format Version 12.00
# Visual Studio Version 17
VisualStudioVersion = 17.4.33213.308
MinimumVisualStudioVersion = 10.0.40219.1
Project("{FAE04EC0-301F-11D3-BF4B-00C04F79EFBC}") = "Mini-Max Sum", "Mini-Max Sum\Mini-Max Sum.csproj", "{5AB2960F-F143-4FA6-B99B-01F683EFBC98}"
EndProject
Global
	GlobalSection(SolutionConfigurationPlatforms) = preSolution
		Debug|Any CPU = Debug|Any CPU
		Release|Any CPU = Release|Any CPU
	EndGlobalSection
	GlobalSection(ProjectConfigurationPlatforms) = postSolution
		{5AB2960F-F143-4FA6-B99B-01F683EFBC98}.Debug|Any CPU.ActiveCfg = Debug|Any CPU
		{5AB2960F-F143-4FA6-B99B-01F683EFBC98}.Debug|Any CPU.Build.0 = Debug|Any CPU
		{5AB2960F-F143-4FA6-B99B-01F683EFBC98}.Release|Any CPU.ActiveCfg = Release|Any CPU
		{5AB2960F-F143-4FA6-B99B-01F683EFBC98}.Release|Any CPU.Build.0 = Release|Any CPU
	EndGlobalSection
	GlobalSection(SolutionProperties) = preSolution
		HideSolutionNode = FALSE
	EndGlobalSection
	GlobalSection(ExtensibilityGlobals) = postSolution
		SolutionGuid = {7696A9A9-7F97-4227-B874-4DA65EC5C330}
	EndGlobalSection
EndGlobal
